
Microsoft Visual Studio Solution File, Format Version 12.00
# Visual Studio Version 17
VisualStudioVersion = 17.13.35806.99
MinimumVisualStudioVersion = 10.0.40219.1
Project("{FAE04EC0-301F-11D3-BF4B-00C04F79EFBC}") = "St10300512-AgriEnergy", "St10300512-AgriEnergy\St10300512-AgriEnergy.csproj", "{A213C4C4-A09D-4ECF-8EC3-2ACE594E5DC1}"
EndProject
Project("{2150E333-8FDC-42A3-9474-1A3956D46DE8}") = "Solution Items", "Solution Items", "{8EC462FD-D22E-90A8-E5CE-7E832BA40C5D}"
	ProjectSection(SolutionItems) = preProject
		README.md = README.md
	EndProjectSection
EndProject
Global
	GlobalSection(SolutionConfigurationPlatforms) = preSolution
		Debug|Any CPU = Debug|Any CPU
		Release|Any CPU = Release|Any CPU
	EndGlobalSection
	GlobalSection(ProjectConfigurationPlatforms) = postSolution
		{A213C4C4-A09D-4ECF-8EC3-2ACE594E5DC1}.Debug|Any CPU.ActiveCfg = Debug|Any CPU
		{A213C4C4-A09D-4ECF-8EC3-2ACE594E5DC1}.Debug|Any CPU.Build.0 = Debug|Any CPU
		{A213C4C4-A09D-4ECF-8EC3-2ACE594E5DC1}.Release|Any CPU.ActiveCfg = Release|Any CPU
		{A213C4C4-A09D-4ECF-8EC3-2ACE594E5DC1}.Release|Any CPU.Build.0 = Release|Any CPU
	EndGlobalSection
	GlobalSection(SolutionProperties) = preSolution
		HideSolutionNode = FALSE
	EndGlobalSection
	GlobalSection(ExtensibilityGlobals) = postSolution
		SolutionGuid = {3E35D8F6-7E71-4F66-B1B9-66355B42D5CC}
	EndGlobalSection
EndGlobal
